
Microsoft Visual Studio Solution File, Format Version 12.00
# Visual Studio Version 16
VisualStudioVersion = 16.0.30204.135
MinimumVisualStudioVersion = 10.0.40219.1
Project("{FAE04EC0-301F-11D3-BF4B-00C04F79EFBC}") = "AnkiSharp", "AnkiSharp.csproj", "{2B24CC5F-2C4A-4A1F-B617-34140A720514}"
EndProject
Global
	GlobalSection(SolutionConfigurationPlatforms) = preSolution
		Debug|Any CPU = Debug|Any CPU
		Release|Any CPU = Release|Any CPU
	EndGlobalSection
	GlobalSection(ProjectConfigurationPlatforms) = postSolution
		{2B24CC5F-2C4A-4A1F-B617-34140A720514}.Debug|Any CPU.ActiveCfg = Debug|Any CPU
		{2B24CC5F-2C4A-4A1F-B617-34140A720514}.Debug|Any CPU.Build.0 = Debug|Any CPU
		{2B24CC5F-2C4A-4A1F-B617-34140A720514}.Release|Any CPU.ActiveCfg = Release|Any CPU
		{2B24CC5F-2C4A-4A1F-B617-34140A720514}.Release|Any CPU.Build.0 = Release|Any CPU
	EndGlobalSection
	GlobalSection(SolutionProperties) = preSolution
		HideSolutionNode = FALSE
	EndGlobalSection
	GlobalSection(ExtensibilityGlobals) = postSolution
		SolutionGuid = {60A55952-16F5-4ABB-B686-22A42CBE8BF2}
	EndGlobalSection
EndGlobal
